{
  "name": "dispatch",
  "lockfileVersion": 2,
  "requires": true,
  "packages": {
    "": {
      "dependencies": {
        "vuedraggable": "^2.24.3"
      }
    },
    "node_modules/sortablejs": {
      "version": "1.10.2",
      "resolved": "https://registry.npmjs.org/sortablejs/-/sortablejs-1.10.2.tgz",
      "integrity": "sha512-YkPGufevysvfwn5rfdlGyrGjt7/CRHwvRPogD/lC+TnvcN29jDpCifKP+rBqf+LRldfXSTh+0CGLcSg0VIxq3A=="
    },
    "node_modules/vuedraggable": {
      "version": "2.24.3",
      "resolved": "https://registry.npmjs.org/vuedraggable/-/vuedraggable-2.24.3.tgz",
      "integrity": "sha512-6/HDXi92GzB+Hcs9fC6PAAozK1RLt1ewPTLjK0anTYguXLAeySDmcnqE8IC0xa7shvSzRjQXq3/+dsZ7ETGF3g==",
      "dependencies": {
        "sortablejs": "1.10.2"
      }
    }
  },
  "dependencies": {
    "sortablejs": {
      "version": "1.10.2",
      "resolved": "https://registry.npmjs.org/sortablejs/-/sortablejs-1.10.2.tgz",
      "integrity": "sha512-YkPGufevysvfwn5rfdlGyrGjt7/CRHwvRPogD/lC+TnvcN29jDpCifKP+rBqf+LRldfXSTh+0CGLcSg0VIxq3A=="
    },
    "vuedraggable": {
      "version": "2.24.3",
      "resolved": "https://registry.npmjs.org/vuedraggable/-/vuedraggable-2.24.3.tgz",
      "integrity": "sha512-6/HDXi92GzB+Hcs9fC6PAAozK1RLt1ewPTLjK0anTYguXLAeySDmcnqE8IC0xa7shvSzRjQXq3/+dsZ7ETGF3g==",
      "requires": {
        "sortablejs": "1.10.2"
      }
    }
  }
}
